{
  "name": "rogan.zillionris.website",
  "version": "3.14.0",
  "lockfileVersion": 1,
  "requires": true,
  "dependencies": {
    "angular": {
      "version": "1.7.2",
      "resolved": "https://registry.npmjs.org/angular/-/angular-1.7.2.tgz",
      "integrity": "sha512-JcKKJbBdybUsmQ6x1M3xWyTYQ/ioVKJhSByEAjqrhmlOfvMFdhfMqAx5KIo8rLGk4DFolYPcCSgssjgTVjCtRQ=="
    },
    "angular-animate": {
      "version": "1.7.2",
      "resolved": "https://registry.npmjs.org/angular-animate/-/angular-animate-1.7.2.tgz",
      "integrity": "sha512-/MQL2FEFXhdzFUKJ9AJq6gAYz3YGsh2xHTztuQKY5FkqjEBpF5YGypgprTz153P7t51T8nFqLsG8jwkpRdM6gg=="
    },
    "angular-mocks": {
      "version": "1.7.2",
      "resolved": "https://registry.npmjs.org/angular-mocks/-/angular-mocks-1.7.2.tgz",
      "integrity": "sha512-yj9eWPG0usXX2eDTWM6YOmAGKraT7qHwuD+NrNyaR+mtrNr2ls77WuWXTjE1hZpmxTaGj4+R1nMY696XZn740Q=="
    },
    "jquery": {
      "version": "2.2.4",
      "resolved": "https://registry.npmjs.org/jquery/-/jquery-2.2.4.tgz",
      "integrity": "sha1-LInWiJterFIqfuoywUUhVZxsvwI="
    },
    "jquery-migrate": {
      "version": "1.4.1",
      "resolved": "https://registry.npmjs.org/jquery-migrate/-/jquery-migrate-1.4.1.tgz",
      "integrity": "sha1-hRUvPsmalWJfT30Lz2LpuGOPWnY="
    },
    "jquery-ui-dist": {
      "version": "1.12.1",
      "resolved": "https://registry.npmjs.org/jquery-ui-dist/-/jquery-ui-dist-1.12.1.tgz",
      "integrity": "sha1-XAgV08xvkP9fqvWyaKbiO0ypBPo="
    },
    "knockout": {
      "version": "2.2.1",
      "resolved": "https://registry.npmjs.org/knockout/-/knockout-2.2.1.tgz",
      "integrity": "sha1-LT3pQqlK9jNezsKBrUyk86StATg="
    },
    "moment": {
      "version": "2.12.0",
      "resolved": "https://registry.npmjs.org/moment/-/moment-2.12.0.tgz",
      "integrity": "sha1-3CVg0Zg41sBzGxpq+gRnUmTTYNY="
    },
    "rangyinputs": {
      "version": "1.2.0",
      "resolved": "https://registry.npmjs.org/rangyinputs/-/rangyinputs-1.2.0.tgz",
      "integrity": "sha512-q0wzDL6BpVO51bTiYVbNAe+ULxudexetG7y8iggmwXrb0eSFH4Os+6fFD5PbxeoN/mBnGHjl7yUX/x3sg4WPIQ=="
    }
  }
}
